Microsoft Visual Studio Solution File, Format Version 11.00
# Visual Studio 2008

Project("{ECCA24A8-1F02-4035-1F25-37410F726D03}") = "TeachBack", "Assembly-CSharp-firstpass-vs.csproj", "{09E514B4-4319-4B93-BC31-E14292B0477D}"
EndProject
Project("{ECCA24A8-1F02-4035-1F25-37410F726D03}") = "TeachBack", "Assembly-CSharp-vs.csproj", "{F57F45EA-A873-40BF-EE76-F26AA06594BF}"
EndProject
Project("{ECCA24A8-1F02-4035-1F25-37410F726D03}") = "TeachBack", "Assembly-CSharp-Editor-vs.csproj", "{D073957F-4CFC-0C7C-9016-2DB210BB903A}"
EndProject
Global
	GlobalSection(SolutionConfigurationPlatforms) = preSolution
		Debug|Any CPU = Debug|Any CPU
		Release|Any CPU = Release|Any CPU
	EndGlobalSection
	GlobalSection(ProjectConfigurationPlatforms) = postSolution
		{09E514B4-4319-4B93-BC31-E14292B0477D}.Debug|Any CPU.ActiveCfg = Debug|Any CPU
		{09E514B4-4319-4B93-BC31-E14292B0477D}.Debug|Any CPU.Build.0 = Debug|Any CPU
		{09E514B4-4319-4B93-BC31-E14292B0477D}.Release|Any CPU.ActiveCfg = Release|Any CPU
		{09E514B4-4319-4B93-BC31-E14292B0477D}.Release|Any CPU.Build.0 = Release|Any CPU
		{F57F45EA-A873-40BF-EE76-F26AA06594BF}.Debug|Any CPU.ActiveCfg = Debug|Any CPU
		{F57F45EA-A873-40BF-EE76-F26AA06594BF}.Debug|Any CPU.Build.0 = Debug|Any CPU
		{F57F45EA-A873-40BF-EE76-F26AA06594BF}.Release|Any CPU.ActiveCfg = Release|Any CPU
		{F57F45EA-A873-40BF-EE76-F26AA06594BF}.Release|Any CPU.Build.0 = Release|Any CPU
		{D073957F-4CFC-0C7C-9016-2DB210BB903A}.Debug|Any CPU.ActiveCfg = Debug|Any CPU
		{D073957F-4CFC-0C7C-9016-2DB210BB903A}.Debug|Any CPU.Build.0 = Debug|Any CPU
		{D073957F-4CFC-0C7C-9016-2DB210BB903A}.Release|Any CPU.ActiveCfg = Release|Any CPU
		{D073957F-4CFC-0C7C-9016-2DB210BB903A}.Release|Any CPU.Build.0 = Release|Any CPU
	EndGlobalSection
	GlobalSection(SolutionProperties) = preSolution
		HideSolutionNode = FALSE
	EndGlobalSection
																	GlobalSection(MonoDevelopProperties) = preSolution
		StartupItem = Assembly-CSharp.csproj
		Policies = $0
		$0.TextStylePolicy = $1
		$1.inheritsSet = null
		$1.scope = text/x-csharp
		$0.CSharpFormattingPolicy = $2
		$2.inheritsSet = Mono
		$2.inheritsScope = text/x-csharp
		$2.scope = text/x-csharp
		$0.TextStylePolicy = $3
		$3.FileWidth = 120
		$3.TabWidth = 4
		$3.IndentWidth = 4
		$3.EolMarker = Unix
		$3.inheritsSet = Mono
		$3.inheritsScope = text/plain
		$3.scope = text/plain
	EndGlobalSection

EndGlobal
